
Microsoft Visual Studio Solution File, Format Version 12.00
# Visual Studio Version 17
VisualStudioVersion = 17.12.35527.113 d17.12
MinimumVisualStudioVersion = 10.0.40219.1
Project("{FAE04EC0-301F-11D3-BF4B-00C04F79EFBC}") = "Personel_Kayit", "Personel_Kayit\Personel_Kayit.csproj", "{E51C40F0-1D68-43ED-9591-F2A177521EB8}"
EndProject
Global
	GlobalSection(SolutionConfigurationPlatforms) = preSolution
		Debug|Any CPU = Debug|Any CPU
		Release|Any CPU = Release|Any CPU
	EndGlobalSection
	GlobalSection(ProjectConfigurationPlatforms) = postSolution
		{E51C40F0-1D68-43ED-9591-F2A177521EB8}.Debug|Any CPU.ActiveCfg = Debug|Any CPU
		{E51C40F0-1D68-43ED-9591-F2A177521EB8}.Debug|Any CPU.Build.0 = Debug|Any CPU
		{E51C40F0-1D68-43ED-9591-F2A177521EB8}.Release|Any CPU.ActiveCfg = Release|Any CPU
		{E51C40F0-1D68-43ED-9591-F2A177521EB8}.Release|Any CPU.Build.0 = Release|Any CPU
	EndGlobalSection
	GlobalSection(SolutionProperties) = preSolution
		HideSolutionNode = FALSE
	EndGlobalSection
EndGlobal
